
Microsoft Visual Studio Solution File, Format Version 12.00
# Visual Studio 15
VisualStudioVersion = 15.0.28010.2016
MinimumVisualStudioVersion = 10.0.40219.1
Project("{FAE04EC0-301F-11D3-BF4B-00C04F79EFBC}") = "DomainEventPOC", "DomainEventPOC\DomainEventPOC.csproj", "{F8082372-CE67-493D-8962-A3C49F2A5125}"
EndProject
Global
	GlobalSection(SolutionConfigurationPlatforms) = preSolution
		Debug|Any CPU = Debug|Any CPU
		Release|Any CPU = Release|Any CPU
	EndGlobalSection
	GlobalSection(ProjectConfigurationPlatforms) = postSolution
		{F8082372-CE67-493D-8962-A3C49F2A5125}.Debug|Any CPU.ActiveCfg = Debug|Any CPU
		{F8082372-CE67-493D-8962-A3C49F2A5125}.Debug|Any CPU.Build.0 = Debug|Any CPU
		{F8082372-CE67-493D-8962-A3C49F2A5125}.Release|Any CPU.ActiveCfg = Release|Any CPU
		{F8082372-CE67-493D-8962-A3C49F2A5125}.Release|Any CPU.Build.0 = Release|Any CPU
	EndGlobalSection
	GlobalSection(SolutionProperties) = preSolution
		HideSolutionNode = FALSE
	EndGlobalSection
	GlobalSection(ExtensibilityGlobals) = postSolution
		SolutionGuid = {1487D72A-7E68-490C-91E2-73E5253A0804}
	EndGlobalSection
EndGlobal
